// !$*UTF8*$!
{
	archiveVersion = 1;
	classes = {
	};
	objectVersion = 46;
	objects = {

/* Begin PBXBuildFile section */
		CC1E2DBE1CE2C60700DA6498 /* AppDelegate.swift in Sources */ = {isa = PBXBuildFile; fileRef = CC1E2DBD1CE2C60700DA6498 /* AppDelegate.swift */; };
		CC1E2DC01CE2C60700DA6498 /* ViewController.swift in Sources */ = {isa = PBXBuildFile; fileRef = CC1E2DBF1CE2C60700DA6498 /* ViewController.swift */; };
		CC1E2DC31CE2C60700DA6498 /* Main.storyboard in Resources */ = {isa = PBXBuildFile; fileRef = CC1E2DC11CE2C60700DA6498 /* Main.storyboard */; };
		CC1E2DC51CE2C60700DA6498 /* Assets.xcassets in Resources */ = {isa = PBXBuildFile; fileRef = CC1E2DC41CE2C60700DA6498 /* Assets.xcassets */; };
		CC1E2DC81CE2C60700DA6498 /* LaunchScreen.storyboard in Resources */ = {isa = PBXBuildFile; fileRef = CC1E2DC61CE2C60700DA6498 /* LaunchScreen.storyboard */; };
		CC67C8811CE2C7420091A9DC /* TestViewController.swift in Sources */ = {isa = PBXBuildFile; fileRef = CC67C8801CE2C7420091A9DC /* TestViewController.swift */; };
/* End PBXBuildFile section */

/* Begin PBXFileReference section */
		CC1E2DBA1CE2C60700DA6498 /* test.app */ = {isa = PBXFileReference; explicitFileType = wrapper.application; includeInIndex = 0; path = test.app; sourceTree = BUILT_PRODUCTS_DIR; };
		CC1E2DBD1CE2C60700DA6498 /* AppDelegate.swift */ = {isa = PBXFileReference; lastKnownFileType = sourcecode.swift; path = AppDelegate.swift; sourceTree = "<group>"; };
		CC1E2DBF1CE2C60700DA6498 /* ViewController.swift */ = {isa = PBXFileReference; lastKnownFileType = sourcecode.swift; path = ViewController.swift; sourceTree = "<group>"; };
		CC1E2DC21CE2C60700DA6498 /* Base */ = {isa = PBXFileReference; lastKnownFileType = file.storyboard; name = Base; path = Base.lproj/Main.storyboard; sourceTree = "<group>"; };
		CC1E2DC41CE2C60700DA6498 /* Assets.xcassets */ = {isa = PBXFileReference; lastKnownFileType = folder.assetcatalog; path = Assets.xcassets; sourceTree = "<group>"; };
		CC1E2DC71CE2C60700DA6498 /* Base */ = {isa = PBXFileReference; lastKnownFileType = file.storyboard; name = Base; path = Base.lproj/LaunchScreen.storyboard; sourceTree = "<group>"; };
		CC1E2DC91CE2C60700DA6498 /* Info.plist */ = {isa = PBXFileReference; lastKnownFileType = text.plist.xml; path = Info.plist; sourceTree = "<group>"; };
		CC67C8801CE2C7420091A9DC /* TestViewController.swift */ = {isa = PBXFileReference; fileEncoding = 4; lastKnownFileType = sourcecode.swift; path = TestViewController.swift; sourceTree = "<group>"; };
/* End PBXFileReference section */

/* Begin PBXFrameworksBuildPhase section */
		CC1E2DB71CE2C60700DA6498 /* Frameworks */ = {
			isa = PBXFrameworksBuildPhase;
			buildActionMask = 2147483647;
			files = (
			);
			runOnlyForDeploymentPostprocessing = 0;
		};
/* End PBXFrameworksBuildPhase section */

/* Begin PBXGroup section */
		CC1E2DB11CE2C60700DA6498 = {
			isa = PBXGroup;
			children = (
				CC1E2DBC1CE2C60700DA6498 /* test */,
				CC1E2DBB1CE2C60700DA6498 /* Products */,
			);
			sourceTree = "<group>";
		};
		CC1E2DBB1CE2C60700DA6498 /* Products */ = {
			isa = PBXGroup;
			children = (
				CC1E2DBA1CE2C60700DA6498 /* test.app */,
			);
			name = Products;
			sourceTree = "<group>";
		};
		CC1E2DBC1CE2C60700DA6498 /* test */ = {
			isa = PBXGroup;
			children = (
				CC1E2DBD1CE2C60700DA6498 /* AppDelegate.swift */,
				CC1E2DBF1CE2C60700DA6498 /* ViewController.swift */,
				CC67C8801CE2C7420091A9DC /* TestViewController.swift */,
				CC1E2DC11CE2C60700DA6498 /* Main.storyboard */,
				CC1E2DC41CE2C60700DA6498 /* Assets.xcassets */,
				CC1E2DC61CE2C60700DA6498 /* LaunchScreen.storyboard */,
				CC1E2DC91CE2C60700DA6498 /* Info.plist */,
			);
			path = test;
			sourceTree = "<group>";
		};
/* End PBXGroup section */

/* Begin PBXNativeTarget section */
		CC1E2DB91CE2C60700DA6498 /* test */ = {
			isa = PBXNativeTarget;
			buildConfigurationList = CC1E2DCC1CE2C60700DA6498 /* Build configuration list for PBXNativeTarget "test" */;
			buildPhases = (
				CC1E2DB61CE2C60700DA6498 /* Sources */,
				CC1E2DB71CE2C60700DA6498 /* Frameworks */,
				CC1E2DB81CE2C60700DA6498 /* Resources */,
			);
			buildRules = (
			);
			dependencies = (
			);
			name = test;
			productName = test;
			productReference = CC1E2DBA1CE2C60700DA6498 /* test.app */;
			productType = "com.apple.product-type.application";
		};
/* End PBXNativeTarget section */

/* Begin PBXProject section */
		CC1E2DB21CE2C60700DA6498 /* Project object */ = {
			isa = PBXProject;
			attributes = {
				LastSwiftUpdateCheck = 0730;
				LastUpgradeCheck = 0730;
				ORGANIZATIONNAME = "Gregg Mojica";
				TargetAttributes = {
					CC1E2DB91CE2C60700DA6498 = {
						CreatedOnToolsVersion = 7.3;
					};
				};
			};
			buildConfigurationList = CC1E2DB51CE2C60700DA6498 /* Build configuration list for PBXProject "test" */;
			compatibilityVersion = "Xcode 3.2";
			developmentRegion = English;
			hasScannedForEncodings = 0;
			knownRegions = (
				en,
				Base,
			);
			mainGroup = CC1E2DB11CE2C60700DA6498;
			productRefGroup = CC1E2DBB1CE2C60700DA6498 /* Products */;
			projectDirPath = "";
			projectRoot = "";
			targets = (
				CC1E2DB91CE2C60700DA6498 /* test */,
			);
		};
/* End PBXProject section */

/* Begin PBXResourcesBuildPhase section */
		CC1E2DB81CE2C60700DA6498 /* Resources */ = {
			isa = PBXResourcesBuildPhase;
			buildActionMask = 2147483647;
			files = (
				CC1E2DC81CE2C60700DA6498 /* LaunchScreen.storyboard in Resources */,
				CC1E2DC51CE2C60700DA6498 /* Assets.xcassets in Resources */,
				CC1E2DC31CE2C60700DA6498 /* Main.storyboard in Resources */,
			);
			runOnlyForDeploymentPostprocessing = 0;
		};
/* End PBXResourcesBuildPhase section */

/* Begin PBXSourcesBuildPhase section */
		CC1E2DB61CE2C60700DA6498 /* Sources */ = {
			isa = PBXSourcesBuildPhase;
			buildActionMask = 2147483647;
			files = (
				CC1E2DC01CE2C60700DA6498 /* ViewController.swift in Sources */,
				CC67C8811CE2C7420091A9DC /* TestViewController.swift in Sources */,
				CC1E2DBE1CE2C60700DA6498 /* AppDelegate.swift in Sources */,
			);
			runOnlyForDeploymentPostprocessing = 0;
		};
/* End PBXSourcesBuildPhase section */

/* Begin PBXVariantGroup section */
		CC1E2DC11CE2C60700DA6498 /* Main.storyboard */ = {
			isa = PBXVariantGroup;
			children = (
				CC1E2DC21CE2C60700DA6498 /* Base */,
			);
			name = Main.storyboard;
			sourceTree = "<group>";
		};
		CC1E2DC61CE2C60700DA6498 /* LaunchScreen.storyboard */ = {
			isa = PBXVariantGroup;
			children = (
				CC1E2DC71CE2C60700DA6498 /* Base */,
			);
			name = LaunchScreen.storyboard;
			sourceTree = "<group>";
		};
/* End PBXVariantGroup section */

/* Begin XCBuildConfiguration section */
		CC1E2DCA1CE2C60700DA6498 /* Debug */ = {
			isa = XCBuildConfiguration;
			buildSettings = {
				ALWAYS_SEARCH_USER_PATHS = NO;
				CLANG_ANALYZER_NONNULL = YES;
				CLANG_CXX_LANGUAGE_STANDARD = "gnu++0x";
				CLANG_CXX_LIBRARY = "libc++";
				CLANG_ENABLE_MODULES = YES;
				CLANG_ENABLE_OBJC_ARC = YES;
				CLANG_WARN_BOOL_CONVERSION = YES;
				CLANG_WARN_CONSTANT_CONVERSION = YES;
				CLANG_WARN_DIRECT_OBJC_ISA_USAGE = YES_ERROR;
				CLANG_WARN_EMPTY_BODY = YES;
				CLANG_WARN_ENUM_CONVERSION = YES;
				CLANG_WARN_INT_CONVERSION = YES;
				CLANG_WARN_OBJC_ROOT_CLASS = YES_ERROR;
				CLANG_WARN_UNREACHABLE_CODE = YES;
				CLANG_WARN__DUPLICATE_METHOD_MATCH = YES;
				"CODE_SIGN_IDENTITY[sdk=iphoneos*]" = "iPhone Developer";
				COPY_PHASE_STRIP = NO;
				DEBUG_INFORMATION_FORMAT = dwarf;
				ENABLE_STRICT_OBJC_MSGSEND = YES;
				ENABLE_TESTABILITY = YES;
				GCC_C_LANGUAGE_STANDARD = gnu99;
				GCC_DYNAMIC_NO_PIC = NO;
				GCC_NO_COMMON_BLOCKS = YES;
				GCC_OPTIMIZATION_LEVEL = 0;
				GCC_PREPROCESSOR_DEFINITIONS = (
					"DEBUG=1",
					"$(inherited)",
				);
				GCC_WARN_64_TO_32_BIT_CONVERSION = YES;
				GCC_WARN_ABOUT_RETURN_TYPE = YES_ERROR;
				GCC_WARN_UNDECLARED_SELECTOR = YES;
				GCC_WARN_UNINITIALIZED_AUTOS = YES_AGGRESSIVE;
				GCC_WARN_UNUSED_FUNCTION = YES;
				GCC_WARN_UNUSED_VARIABLE = YES;
				IPHONEOS_DEPLOYMENT_TARGET = 9.3;
				MTL_ENABLE_DEBUG_INFO = YES;
				ONLY_ACTIVE_ARCH = YES;
				SDKROOT = iphoneos;
				SWIFT_OPTIMIZATION_LEVEL = "-Onone";
				TARGETED_DEVICE_FAMILY = "1,2";
			};
			name = Debug;
		};
		CC1E2DCB1CE2C60700DA6498 /* Release */ = {
			isa = XCBuildConfiguration;
			buildSettings = {
				ALWAYS_SEARCH_USER_PATHS = NO;
				CLANG_ANALYZER_NONNULL = YES;
				CLANG_CXX_LANGUAGE_STANDARD = "gnu++0x";
				CLANG_CXX_LIBRARY = "libc++";
				CLANG_ENABLE_MODULES = YES;
				CLANG_ENABLE_OBJC_ARC = YES;
				CLANG_WARN_BOOL_CONVERSION = YES;
				CLANG_WARN_CONSTANT_CONVERSION = YES;
				CLANG_WARN_DIRECT_OBJC_ISA_USAGE = YES_ERROR;
				CLANG_WARN_EMPTY_BODY = YES;
				CLANG_WARN_ENUM_CONVERSION = YES;
				CLANG_WARN_INT_CONVERSION = YES;
				CLANG_WARN_OBJC_ROOT_CLASS = YES_ERROR;
				CLANG_WARN_UNREACHABLE_CODE = YES;
				CLANG_WARN__DUPLICATE_METHOD_MATCH = YES;
				"CODE_SIGN_IDENTITY[sdk=iphoneos*]" = "iPhone Developer";
				COPY_PHASE_STRIP = NO;
				DEBUG_INFORMATION_FORMAT = "dwarf-with-dsym";
				ENABLE_NS_ASSERTIONS = NO;
				ENABLE_STRICT_OBJC_MSGSEND = YES;
				GCC_C_LANGUAGE_STANDARD = gnu99;
				GCC_NO_COMMON_BLOCKS = YES;
				GCC_WARN_64_TO_32_BIT_CONVERSION = YES;
				GCC_WARN_ABOUT_RETURN_TYPE = YES_ERROR;
				GCC_WARN_UNDECLARED_SELECTOR = YES;
				GCC_WARN_UNINITIALIZED_AUTOS = YES_AGGRESSIVE;
				GCC_WARN_UNUSED_FUNCTION = YES;
				GCC_WARN_UNUSED_VARIABLE = YES;
				IPHONEOS_DEPLOYMENT_TARGET = 9.3;
				MTL_ENABLE_DEBUG_INFO = NO;
				SDKROOT = iphoneos;
				TARGETED_DEVICE_FAMILY = "1,2";
				VALIDATE_PRODUCT = YES;
			};
			name = Release;
		};
		CC1E2DCD1CE2C60700DA6498 /* Debug */ = {
			isa = XCBuildConfiguration;
			buildSettings = {
				ASSETCATALOG_COMPILER_APPICON_NAME = AppIcon;
				INFOPLIST_FILE = test/Info.plist;
				LD_RUNPATH_SEARCH_PATHS = "$(inherited) @executable_path/Frameworks";
				PRODUCT_BUNDLE_IDENTIFIER = com.infinityapps.test;
				PRODUCT_NAME = "$(TARGET_NAME)";
			};
			name = Debug;
		};
		CC1E2DCE1CE2C60700DA6498 /* Release */ = {
			isa = XCBuildConfiguration;
			buildSettings = {
				ASSETCATALOG_COMPILER_APPICON_NAME = AppIcon;
				INFOPLIST_FILE = test/Info.plist;
				LD_RUNPATH_SEARCH_PATHS = "$(inherited) @executable_path/Frameworks";
				PRODUCT_BUNDLE_IDENTIFIER = com.infinityapps.test;
				PRODUCT_NAME = "$(TARGET_NAME)";
			};
			name = Release;
		};
/* End XCBuildConfiguration section */

/* Begin XCConfigurationList section */
		CC1E2DB51CE2C60700DA6498 /* Build configuration list for PBXProject "test" */ = {
			isa = XCConfigurationList;
			buildConfigurations = (
				CC1E2DCA1CE2C60700DA6498 /* Debug */,
				CC1E2DCB1CE2C60700DA6498 /* Release */,
			);
			defaultConfigurationIsVisible = 0;
			defaultConfigurationName = Release;
		};
		CC1E2DCC1CE2C60700DA6498 /* Build configuration list for PBXNativeTarget "test" */ = {
			isa = XCConfigurationList;
			buildConfigurations = (
				CC1E2DCD1CE2C60700DA6498 /* Debug */,
				CC1E2DCE1CE2C60700DA6498 /* Release */,
			);
			defaultConfigurationIsVisible = 0;
			defaultConfigurationName = Release;
		};
/* End XCConfigurationList section */
	};
	rootObject = CC1E2DB21CE2C60700DA6498 /* Project object */;
}
